
Microsoft Visual Studio Solution File, Format Version 12.00
# Visual Studio Version 16
VisualStudioVersion = 16.0.30011.22
MinimumVisualStudioVersion = 10.0.40219.1
Project("{9A19103F-16F7-4668-BE54-9A1E7A4F7556}") = "BeaterScript", "BeaterScript.csproj", "{7136F3D8-C0A6-4471-B3DB-3F42A0E046C8}"
EndProject
Project("{9A19103F-16F7-4668-BE54-9A1E7A4F7556}") = "BeaterScriptCLI", "CLI\BeaterScriptCLI.csproj", "{8FA32299-F765-4C48-874F-8772C373F58D}"
EndProject
Global
	GlobalSection(SolutionConfigurationPlatforms) = preSolution
		Debug|Any CPU = Debug|Any CPU
		Release|Any CPU = Release|Any CPU
	EndGlobalSection
	GlobalSection(ProjectConfigurationPlatforms) = postSolution
		{7136F3D8-C0A6-4471-B3DB-3F42A0E046C8}.Debug|Any CPU.ActiveCfg = Debug|Any CPU
		{7136F3D8-C0A6-4471-B3DB-3F42A0E046C8}.Debug|Any CPU.Build.0 = Debug|Any CPU
		{7136F3D8-C0A6-4471-B3DB-3F42A0E046C8}.Release|Any CPU.ActiveCfg = Release|Any CPU
		{7136F3D8-C0A6-4471-B3DB-3F42A0E046C8}.Release|Any CPU.Build.0 = Release|Any CPU
		{8FA32299-F765-4C48-874F-8772C373F58D}.Debug|Any CPU.ActiveCfg = Debug|Any CPU
		{8FA32299-F765-4C48-874F-8772C373F58D}.Debug|Any CPU.Build.0 = Debug|Any CPU
		{8FA32299-F765-4C48-874F-8772C373F58D}.Release|Any CPU.ActiveCfg = Release|Any CPU
		{8FA32299-F765-4C48-874F-8772C373F58D}.Release|Any CPU.Build.0 = Release|Any CPU
	EndGlobalSection
	GlobalSection(SolutionProperties) = preSolution
		HideSolutionNode = FALSE
	EndGlobalSection
	GlobalSection(ExtensibilityGlobals) = postSolution
		SolutionGuid = {F3EB66CA-633F-4346-98CC-B818A5BD0C21}
	EndGlobalSection
EndGlobal
